
Microsoft Visual Studio Solution File, Format Version 12.00
# Visual Studio Version 16
VisualStudioVersion = 16.0.32428.217
MinimumVisualStudioVersion = 10.0.40219.1
Project("{9A19103F-16F7-4668-BE54-9A1E7A4F7556}") = "dotnet-core-notes", "dotnet-core-notes.csproj", "{D070CE6C-8FE9-4FB5-AE55-3F103A08477D}"
EndProject
Global
	GlobalSection(SolutionConfigurationPlatforms) = preSolution
		Debug|Any CPU = Debug|Any CPU
		Release|Any CPU = Release|Any CPU
	EndGlobalSection
	GlobalSection(ProjectConfigurationPlatforms) = postSolution
		{D070CE6C-8FE9-4FB5-AE55-3F103A08477D}.Debug|Any CPU.ActiveCfg = Debug|Any CPU
		{D070CE6C-8FE9-4FB5-AE55-3F103A08477D}.Debug|Any CPU.Build.0 = Debug|Any CPU
		{D070CE6C-8FE9-4FB5-AE55-3F103A08477D}.Release|Any CPU.ActiveCfg = Release|Any CPU
		{D070CE6C-8FE9-4FB5-AE55-3F103A08477D}.Release|Any CPU.Build.0 = Release|Any CPU
	EndGlobalSection
	GlobalSection(SolutionProperties) = preSolution
		HideSolutionNode = FALSE
	EndGlobalSection
	GlobalSection(ExtensibilityGlobals) = postSolution
		SolutionGuid = {61316CDC-7675-44BB-8B01-013891FDB132}
	EndGlobalSection
EndGlobal
